// !$*UTF8*$!
{
	archiveVersion = 1;
	classes = {
	};
	objectVersion = 56;
	objects = {

/* Begin PBXBuildFile section */
		B9333A7029E7B04E00BD0070 /* Add.metal in Sources */ = {isa = PBXBuildFile; fileRef = B9333A6F29E7B04E00BD0070 /* Add.metal */; };
		B9333A7329E7B22D00BD0070 /* MetalAdder.m in Sources */ = {isa = PBXBuildFile; fileRef = B9333A7229E7B22D00BD0070 /* MetalAdder.m */; };
		B95B59CD29E7AC210029DC3B /* main.m in Sources */ = {isa = PBXBuildFile; fileRef = B95B59CC29E7AC210029DC3B /* main.m */; };
		B95B59D929E7AD1B0029DC3B /* NormalAdd.m in Sources */ = {isa = PBXBuildFile; fileRef = B95B59D829E7AD1B0029DC3B /* NormalAdd.m */; };
/* End PBXBuildFile section */

/* Begin PBXCopyFilesBuildPhase section */
		B95B59C729E7AC210029DC3B /* CopyFiles */ = {
			isa = PBXCopyFilesBuildPhase;
			buildActionMask = 2147483647;
			dstPath = /usr/share/man/man1/;
			dstSubfolderSpec = 0;
			files = (
			);
			runOnlyForDeploymentPostprocessing = 1;
		};
/* End PBXCopyFilesBuildPhase section */

/* Begin PBXFileReference section */
		B9333A6F29E7B04E00BD0070 /* Add.metal */ = {isa = PBXFileReference; lastKnownFileType = sourcecode.metal; path = Add.metal; sourceTree = "<group>"; };
		B9333A7129E7B22D00BD0070 /* MetalAdder.h */ = {isa = PBXFileReference; lastKnownFileType = sourcecode.c.h; path = MetalAdder.h; sourceTree = "<group>"; };
		B9333A7229E7B22D00BD0070 /* MetalAdder.m */ = {isa = PBXFileReference; lastKnownFileType = sourcecode.c.objc; path = MetalAdder.m; sourceTree = "<group>"; };
		B95B59C929E7AC210029DC3B /* MetalStartDemo */ = {isa = PBXFileReference; explicitFileType = "compiled.mach-o.executable"; includeInIndex = 0; path = MetalStartDemo; sourceTree = BUILT_PRODUCTS_DIR; };
		B95B59CC29E7AC210029DC3B /* main.m */ = {isa = PBXFileReference; lastKnownFileType = sourcecode.c.objc; path = main.m; sourceTree = "<group>"; };
		B95B59D829E7AD1B0029DC3B /* NormalAdd.m */ = {isa = PBXFileReference; lastKnownFileType = sourcecode.c.objc; path = NormalAdd.m; sourceTree = "<group>"; };
/* End PBXFileReference section */

/* Begin PBXFrameworksBuildPhase section */
		B95B59C629E7AC210029DC3B /* Frameworks */ = {
			isa = PBXFrameworksBuildPhase;
			buildActionMask = 2147483647;
			files = (
			);
			runOnlyForDeploymentPostprocessing = 0;
		};
/* End PBXFrameworksBuildPhase section */

/* Begin PBXGroup section */
		B95B59C029E7AC210029DC3B = {
			isa = PBXGroup;
			children = (
				B95B59CB29E7AC210029DC3B /* MetalStartDemo */,
				B95B59CA29E7AC210029DC3B /* Products */,
			);
			sourceTree = "<group>";
		};
		B95B59CA29E7AC210029DC3B /* Products */ = {
			isa = PBXGroup;
			children = (
				B95B59C929E7AC210029DC3B /* MetalStartDemo */,
			);
			name = Products;
			sourceTree = "<group>";
		};
		B95B59CB29E7AC210029DC3B /* MetalStartDemo */ = {
			isa = PBXGroup;
			children = (
				B95B59D329E7AC690029DC3B /* MetalAdd */,
				B95B59CC29E7AC210029DC3B /* main.m */,
			);
			path = MetalStartDemo;
			sourceTree = "<group>";
		};
		B95B59D329E7AC690029DC3B /* MetalAdd */ = {
			isa = PBXGroup;
			children = (
				B95B59D829E7AD1B0029DC3B /* NormalAdd.m */,
				B9333A6F29E7B04E00BD0070 /* Add.metal */,
				B9333A7129E7B22D00BD0070 /* MetalAdder.h */,
				B9333A7229E7B22D00BD0070 /* MetalAdder.m */,
			);
			path = MetalAdd;
			sourceTree = "<group>";
		};
/* End PBXGroup section */

/* Begin PBXNativeTarget section */
		B95B59C829E7AC210029DC3B /* MetalStartDemo */ = {
			isa = PBXNativeTarget;
			buildConfigurationList = B95B59D029E7AC210029DC3B /* Build configuration list for PBXNativeTarget "MetalStartDemo" */;
			buildPhases = (
				B95B59C529E7AC210029DC3B /* Sources */,
				B95B59C629E7AC210029DC3B /* Frameworks */,
				B95B59C729E7AC210029DC3B /* CopyFiles */,
			);
			buildRules = (
			);
			dependencies = (
			);
			name = MetalStartDemo;
			productName = MetalStartDemo;
			productReference = B95B59C929E7AC210029DC3B /* MetalStartDemo */;
			productType = "com.apple.product-type.tool";
		};
/* End PBXNativeTarget section */

/* Begin PBXProject section */
		B95B59C129E7AC210029DC3B /* Project object */ = {
			isa = PBXProject;
			attributes = {
				BuildIndependentTargetsInParallel = 1;
				LastUpgradeCheck = 1420;
				TargetAttributes = {
					B95B59C829E7AC210029DC3B = {
						CreatedOnToolsVersion = 14.2;
					};
				};
			};
			buildConfigurationList = B95B59C429E7AC210029DC3B /* Build configuration list for PBXProject "MetalStartDemo" */;
			compatibilityVersion = "Xcode 14.0";
			developmentRegion = en;
			hasScannedForEncodings = 0;
			knownRegions = (
				en,
				Base,
			);
			mainGroup = B95B59C029E7AC210029DC3B;
			productRefGroup = B95B59CA29E7AC210029DC3B /* Products */;
			projectDirPath = "";
			projectRoot = "";
			targets = (
				B95B59C829E7AC210029DC3B /* MetalStartDemo */,
			);
		};
/* End PBXProject section */

/* Begin PBXSourcesBuildPhase section */
		B95B59C529E7AC210029DC3B /* Sources */ = {
			isa = PBXSourcesBuildPhase;
			buildActionMask = 2147483647;
			files = (
				B9333A7029E7B04E00BD0070 /* Add.metal in Sources */,
				B95B59D929E7AD1B0029DC3B /* NormalAdd.m in Sources */,
				B9333A7329E7B22D00BD0070 /* MetalAdder.m in Sources */,
				B95B59CD29E7AC210029DC3B /* main.m in Sources */,
			);
			runOnlyForDeploymentPostprocessing = 0;
		};
/* End PBXSourcesBuildPhase section */

/* Begin XCBuildConfiguration section */
		B95B59CE29E7AC210029DC3B /* Debug */ = {
			isa = XCBuildConfiguration;
			buildSettings = {
				ALWAYS_SEARCH_USER_PATHS = NO;
				CLANG_ANALYZER_NONNULL = YES;
				CLANG_ANALYZER_NUMBER_OBJECT_CONVERSION = YES_AGGRESSIVE;
				CLANG_CXX_LANGUAGE_STANDARD = "gnu++20";
				CLANG_ENABLE_MODULES = YES;
				CLANG_ENABLE_OBJC_ARC = YES;
				CLANG_ENABLE_OBJC_WEAK = YES;
				CLANG_WARN_BLOCK_CAPTURE_AUTORELEASING = YES;
				CLANG_WARN_BOOL_CONVERSION = YES;
				CLANG_WARN_COMMA = YES;
				CLANG_WARN_CONSTANT_CONVERSION = YES;
				CLANG_WARN_DEPRECATED_OBJC_IMPLEMENTATIONS = YES;
				CLANG_WARN_DIRECT_OBJC_ISA_USAGE = YES_ERROR;
				CLANG_WARN_DOCUMENTATION_COMMENTS = YES;
				CLANG_WARN_EMPTY_BODY = YES;
				CLANG_WARN_ENUM_CONVERSION = YES;
				CLANG_WARN_INFINITE_RECURSION = YES;
				CLANG_WARN_INT_CONVERSION = YES;
				CLANG_WARN_NON_LITERAL_NULL_CONVERSION = YES;
				CLANG_WARN_OBJC_IMPLICIT_RETAIN_SELF = YES;
				CLANG_WARN_OBJC_LITERAL_CONVERSION = YES;
				CLANG_WARN_OBJC_ROOT_CLASS = YES_ERROR;
				CLANG_WARN_QUOTED_INCLUDE_IN_FRAMEWORK_HEADER = YES;
				CLANG_WARN_RANGE_LOOP_ANALYSIS = YES;
				CLANG_WARN_STRICT_PROTOTYPES = YES;
				CLANG_WARN_SUSPICIOUS_MOVE = YES;
				CLANG_WARN_UNGUARDED_AVAILABILITY = YES_AGGRESSIVE;
				CLANG_WARN_UNREACHABLE_CODE = YES;
				CLANG_WARN__DUPLICATE_METHOD_MATCH = YES;
				COPY_PHASE_STRIP = NO;
				DEBUG_INFORMATION_FORMAT = dwarf;
				ENABLE_STRICT_OBJC_MSGSEND = YES;
				ENABLE_TESTABILITY = YES;
				GCC_C_LANGUAGE_STANDARD = gnu11;
				GCC_DYNAMIC_NO_PIC = NO;
				GCC_NO_COMMON_BLOCKS = YES;
				GCC_OPTIMIZATION_LEVEL = 0;
				GCC_PREPROCESSOR_DEFINITIONS = (
					"DEBUG=1",
					"$(inherited)",
				);
				GCC_WARN_64_TO_32_BIT_CONVERSION = YES;
				GCC_WARN_ABOUT_RETURN_TYPE = YES_ERROR;
				GCC_WARN_UNDECLARED_SELECTOR = YES;
				GCC_WARN_UNINITIALIZED_AUTOS = YES_AGGRESSIVE;
				GCC_WARN_UNUSED_FUNCTION = YES;
				GCC_WARN_UNUSED_VARIABLE = YES;
				MACOSX_DEPLOYMENT_TARGET = 13.1;
				MTL_ENABLE_DEBUG_INFO = INCLUDE_SOURCE;
				MTL_FAST_MATH = YES;
				ONLY_ACTIVE_ARCH = YES;
				SDKROOT = macosx;
			};
			name = Debug;
		};
		B95B59CF29E7AC210029DC3B /* Release */ = {
			isa = XCBuildConfiguration;
			buildSettings = {
				ALWAYS_SEARCH_USER_PATHS = NO;
				CLANG_ANALYZER_NONNULL = YES;
				CLANG_ANALYZER_NUMBER_OBJECT_CONVERSION = YES_AGGRESSIVE;
				CLANG_CXX_LANGUAGE_STANDARD = "gnu++20";
				CLANG_ENABLE_MODULES = YES;
				CLANG_ENABLE_OBJC_ARC = YES;
				CLANG_ENABLE_OBJC_WEAK = YES;
				CLANG_WARN_BLOCK_CAPTURE_AUTORELEASING = YES;
				CLANG_WARN_BOOL_CONVERSION = YES;
				CLANG_WARN_COMMA = YES;
				CLANG_WARN_CONSTANT_CONVERSION = YES;
				CLANG_WARN_DEPRECATED_OBJC_IMPLEMENTATIONS = YES;
				CLANG_WARN_DIRECT_OBJC_ISA_USAGE = YES_ERROR;
				CLANG_WARN_DOCUMENTATION_COMMENTS = YES;
				CLANG_WARN_EMPTY_BODY = YES;
				CLANG_WARN_ENUM_CONVERSION = YES;
				CLANG_WARN_INFINITE_RECURSION = YES;
				CLANG_WARN_INT_CONVERSION = YES;
				CLANG_WARN_NON_LITERAL_NULL_CONVERSION = YES;
				CLANG_WARN_OBJC_IMPLICIT_RETAIN_SELF = YES;
				CLANG_WARN_OBJC_LITERAL_CONVERSION = YES;
				CLANG_WARN_OBJC_ROOT_CLASS = YES_ERROR;
				CLANG_WARN_QUOTED_INCLUDE_IN_FRAMEWORK_HEADER = YES;
				CLANG_WARN_RANGE_LOOP_ANALYSIS = YES;
				CLANG_WARN_STRICT_PROTOTYPES = YES;
				CLANG_WARN_SUSPICIOUS_MOVE = YES;
				CLANG_WARN_UNGUARDED_AVAILABILITY = YES_AGGRESSIVE;
				CLANG_WARN_UNREACHABLE_CODE = YES;
				CLANG_WARN__DUPLICATE_METHOD_MATCH = YES;
				COPY_PHASE_STRIP = NO;
				DEBUG_INFORMATION_FORMAT = "dwarf-with-dsym";
				ENABLE_NS_ASSERTIONS = NO;
				ENABLE_STRICT_OBJC_MSGSEND = YES;
				GCC_C_LANGUAGE_STANDARD = gnu11;
				GCC_NO_COMMON_BLOCKS = YES;
				GCC_WARN_64_TO_32_BIT_CONVERSION = YES;
				GCC_WARN_ABOUT_RETURN_TYPE = YES_ERROR;
				GCC_WARN_UNDECLARED_SELECTOR = YES;
				GCC_WARN_UNINITIALIZED_AUTOS = YES_AGGRESSIVE;
				GCC_WARN_UNUSED_FUNCTION = YES;
				GCC_WARN_UNUSED_VARIABLE = YES;
				MACOSX_DEPLOYMENT_TARGET = 13.1;
				MTL_ENABLE_DEBUG_INFO = NO;
				MTL_FAST_MATH = YES;
				SDKROOT = macosx;
			};
			name = Release;
		};
		B95B59D129E7AC210029DC3B /* Debug */ = {
			isa = XCBuildConfiguration;
			buildSettings = {
				CODE_SIGN_STYLE = Automatic;
				MACOSX_DEPLOYMENT_TARGET = 10.14;
				PRODUCT_NAME = "$(TARGET_NAME)";
			};
			name = Debug;
		};
		B95B59D229E7AC210029DC3B /* Release */ = {
			isa = XCBuildConfiguration;
			buildSettings = {
				CODE_SIGN_STYLE = Automatic;
				MACOSX_DEPLOYMENT_TARGET = 10.14;
				PRODUCT_NAME = "$(TARGET_NAME)";
			};
			name = Release;
		};
/* End XCBuildConfiguration section */

/* Begin XCConfigurationList section */
		B95B59C429E7AC210029DC3B /* Build configuration list for PBXProject "MetalStartDemo" */ = {
			isa = XCConfigurationList;
			buildConfigurations = (
				B95B59CE29E7AC210029DC3B /* Debug */,
				B95B59CF29E7AC210029DC3B /* Release */,
			);
			defaultConfigurationIsVisible = 0;
			defaultConfigurationName = Release;
		};
		B95B59D029E7AC210029DC3B /* Build configuration list for PBXNativeTarget "MetalStartDemo" */ = {
			isa = XCConfigurationList;
			buildConfigurations = (
				B95B59D129E7AC210029DC3B /* Debug */,
				B95B59D229E7AC210029DC3B /* Release */,
			);
			defaultConfigurationIsVisible = 0;
			defaultConfigurationName = Release;
		};
/* End XCConfigurationList section */
	};
	rootObject = B95B59C129E7AC210029DC3B /* Project object */;
}
